Microsoft Visual Studio Solution File, Format Version 12.00
# Visual Studio Version 17
VisualStudioVersion = 17.5.2.0
MinimumVisualStudioVersion = 10.0.40219.1
Project("{FAE04EC0-301F-11D3-BF4B-00C04F79EFBC}") = "Motors.Stepper.TMC2209", "Motors.Stepper.TMC2209.csproj", "{BB059795-AA2C-39B0-B3CB-A6E3BB2408CD}"
EndProject
Global
	GlobalSection(SolutionConfigurationPlatforms) = preSolution
		Debug|Any CPU = Debug|Any CPU
		Release|Any CPU = Release|Any CPU
	EndGlobalSection
	GlobalSection(ProjectConfigurationPlatforms) = postSolution
		{BB059795-AA2C-39B0-B3CB-A6E3BB2408CD}.Debug|Any CPU.ActiveCfg = Debug|Any CPU
		{BB059795-AA2C-39B0-B3CB-A6E3BB2408CD}.Debug|Any CPU.Build.0 = Debug|Any CPU
		{BB059795-AA2C-39B0-B3CB-A6E3BB2408CD}.Release|Any CPU.ActiveCfg = Release|Any CPU
		{BB059795-AA2C-39B0-B3CB-A6E3BB2408CD}.Release|Any CPU.Build.0 = Release|Any CPU
	EndGlobalSection
	GlobalSection(SolutionProperties) = preSolution
		HideSolutionNode = FALSE
	EndGlobalSection
	GlobalSection(ExtensibilityGlobals) = postSolution
		SolutionGuid = {B3F1AF6C-9F2F-4532-85D0-8340B720A8D1}
	EndGlobalSection
EndGlobal
